
Microsoft Visual Studio Solution File, Format Version 12.00
# Visual Studio Version 17
VisualStudioVersion = 17.6.33829.357
MinimumVisualStudioVersion = 10.0.40219.1
Project("{9A19103F-16F7-4668-BE54-9A1E7A4F7556}") = "IdentityDemo", "IdentityDemo\IdentityDemo.csproj", "{56A52579-235E-4AFD-A911-77586AB3222D}"
EndProject
Project("{2150E333-8FDC-42A3-9474-1A3956D46DE8}") = "Solution Items", "Solution Items", "{8CC5F5E8-217D-45E0-A152-3620B609A5BB}"
	ProjectSection(SolutionItems) = preProject
		Readme.md = Readme.md
	EndProjectSection
EndProject
Global
	GlobalSection(SolutionConfigurationPlatforms) = preSolution
		Debug|Any CPU = Debug|Any CPU
		Release|Any CPU = Release|Any CPU
	EndGlobalSection
	GlobalSection(ProjectConfigurationPlatforms) = postSolution
		{56A52579-235E-4AFD-A911-77586AB3222D}.Debug|Any CPU.ActiveCfg = Debug|Any CPU
		{56A52579-235E-4AFD-A911-77586AB3222D}.Debug|Any CPU.Build.0 = Debug|Any CPU
		{56A52579-235E-4AFD-A911-77586AB3222D}.Release|Any CPU.ActiveCfg = Release|Any CPU
		{56A52579-235E-4AFD-A911-77586AB3222D}.Release|Any CPU.Build.0 = Release|Any CPU
	EndGlobalSection
	GlobalSection(SolutionProperties) = preSolution
		HideSolutionNode = FALSE
	EndGlobalSection
	GlobalSection(ExtensibilityGlobals) = postSolution
		SolutionGuid = {04FF9040-7DF7-4C53-A9E6-EB1497E2D7D3}
	EndGlobalSection
EndGlobal
